
Microsoft Visual Studio Solution File, Format Version 12.00
# Visual Studio Version 16
VisualStudioVersion = 16.0.29519.181
MinimumVisualStudioVersion = 10.0.40219.1
Project("{FAE04EC0-301F-11D3-BF4B-00C04F79EFBC}") = "PlanChecker", "PlanChecker.csproj", "{4D93E512-4FBB-43A2-B3BB-D9F28EBEC27F}"
EndProject
Project("{FAE04EC0-301F-11D3-BF4B-00C04F79EFBC}") = "PlanCheckerTests", "..\PlanCheckerTests\PlanCheckerTests.csproj", "{9E4FA4A0-4ED1-42A8-872C-F91406D0FE68}"
EndProject
Global
	GlobalSection(SolutionConfigurationPlatforms) = preSolution
		Debug|Any CPU = Debug|Any CPU
		Debug|x64 = Debug|x64
		Release|Any CPU = Release|Any CPU
		Release|x64 = Release|x64
	EndGlobalSection
	GlobalSection(ProjectConfigurationPlatforms) = postSolution
		{4D93E512-4FBB-43A2-B3BB-D9F28EBEC27F}.Debug|Any CPU.ActiveCfg = Debug|Any CPU
		{4D93E512-4FBB-43A2-B3BB-D9F28EBEC27F}.Debug|Any CPU.Build.0 = Debug|Any CPU
		{4D93E512-4FBB-43A2-B3BB-D9F28EBEC27F}.Debug|x64.ActiveCfg = Debug|x64
		{4D93E512-4FBB-43A2-B3BB-D9F28EBEC27F}.Debug|x64.Build.0 = Debug|x64
		{4D93E512-4FBB-43A2-B3BB-D9F28EBEC27F}.Release|Any CPU.ActiveCfg = Release|Any CPU
		{4D93E512-4FBB-43A2-B3BB-D9F28EBEC27F}.Release|Any CPU.Build.0 = Release|Any CPU
		{4D93E512-4FBB-43A2-B3BB-D9F28EBEC27F}.Release|x64.ActiveCfg = Release|x64
		{4D93E512-4FBB-43A2-B3BB-D9F28EBEC27F}.Release|x64.Build.0 = Release|x64
		{9E4FA4A0-4ED1-42A8-872C-F91406D0FE68}.Debug|Any CPU.ActiveCfg = Debug|Any CPU
		{9E4FA4A0-4ED1-42A8-872C-F91406D0FE68}.Debug|Any CPU.Build.0 = Debug|Any CPU
		{9E4FA4A0-4ED1-42A8-872C-F91406D0FE68}.Debug|x64.ActiveCfg = Debug|x64
		{9E4FA4A0-4ED1-42A8-872C-F91406D0FE68}.Debug|x64.Build.0 = Debug|x64
		{9E4FA4A0-4ED1-42A8-872C-F91406D0FE68}.Release|Any CPU.ActiveCfg = Release|Any CPU
		{9E4FA4A0-4ED1-42A8-872C-F91406D0FE68}.Release|Any CPU.Build.0 = Release|Any CPU
		{9E4FA4A0-4ED1-42A8-872C-F91406D0FE68}.Release|x64.ActiveCfg = Release|Any CPU
		{9E4FA4A0-4ED1-42A8-872C-F91406D0FE68}.Release|x64.Build.0 = Release|Any CPU
	EndGlobalSection
	GlobalSection(SolutionProperties) = preSolution
		HideSolutionNode = FALSE
	EndGlobalSection
	GlobalSection(ExtensibilityGlobals) = postSolution
		SolutionGuid = {232AA4F9-8719-4037-BFC3-590F912360C8}
	EndGlobalSection
EndGlobal
